
Microsoft Visual Studio Solution File, Format Version 12.00
# Visual Studio Version 17
VisualStudioVersion = 17.9.34723.18
MinimumVisualStudioVersion = 10.0.40219.1
Project("{9A19103F-16F7-4668-BE54-9A1E7A4F7556}") = "Creational.FactoryMethod", "DesignPatterns.FactoryMethod\Creational.FactoryMethod.csproj", "{867D27CF-3A20-4F4D-8C07-A44176A96300}"
EndProject
Project("{9A19103F-16F7-4668-BE54-9A1E7A4F7556}") = "Creational.Builder", "DesignPatterns.Builder\Creational.Builder.csproj", "{016F36EB-0E28-4DB1-A160-623ECBBA3B87}"
EndProject
Project("{FAE04EC0-301F-11D3-BF4B-00C04F79EFBC}") = "Creational.AbstractFactory", "Creational.AbstractFactory\Creational.AbstractFactory.csproj", "{9176816F-4688-42E3-8825-C79596351921}"
EndProject
Project("{FAE04EC0-301F-11D3-BF4B-00C04F79EFBC}") = "Creational.Prototype", "Creational.Prototype\Creational.Prototype.csproj", "{EA0A3071-5E2A-4B8E-AE67-C4B34EC9C94A}"
EndProject
Project("{FAE04EC0-301F-11D3-BF4B-00C04F79EFBC}") = "Creational.Singleton", "Creational.Singleton\Creational.Singleton.csproj", "{4DD3585D-29FC-4F14-B1B7-DF8E2EA3298F}"
EndProject
Global
	GlobalSection(SolutionConfigurationPlatforms) = preSolution
		Debug|Any CPU = Debug|Any CPU
		Release|Any CPU = Release|Any CPU
	EndGlobalSection
	GlobalSection(ProjectConfigurationPlatforms) = postSolution
		{867D27CF-3A20-4F4D-8C07-A44176A96300}.Debug|Any CPU.ActiveCfg = Debug|Any CPU
		{867D27CF-3A20-4F4D-8C07-A44176A96300}.Debug|Any CPU.Build.0 = Debug|Any CPU
		{867D27CF-3A20-4F4D-8C07-A44176A96300}.Release|Any CPU.ActiveCfg = Release|Any CPU
		{867D27CF-3A20-4F4D-8C07-A44176A96300}.Release|Any CPU.Build.0 = Release|Any CPU
		{016F36EB-0E28-4DB1-A160-623ECBBA3B87}.Debug|Any CPU.ActiveCfg = Debug|Any CPU
		{016F36EB-0E28-4DB1-A160-623ECBBA3B87}.Debug|Any CPU.Build.0 = Debug|Any CPU
		{016F36EB-0E28-4DB1-A160-623ECBBA3B87}.Release|Any CPU.ActiveCfg = Release|Any CPU
		{016F36EB-0E28-4DB1-A160-623ECBBA3B87}.Release|Any CPU.Build.0 = Release|Any CPU
		{9176816F-4688-42E3-8825-C79596351921}.Debug|Any CPU.ActiveCfg = Debug|Any CPU
		{9176816F-4688-42E3-8825-C79596351921}.Debug|Any CPU.Build.0 = Debug|Any CPU
		{9176816F-4688-42E3-8825-C79596351921}.Release|Any CPU.ActiveCfg = Release|Any CPU
		{9176816F-4688-42E3-8825-C79596351921}.Release|Any CPU.Build.0 = Release|Any CPU
		{EA0A3071-5E2A-4B8E-AE67-C4B34EC9C94A}.Debug|Any CPU.ActiveCfg = Debug|Any CPU
		{EA0A3071-5E2A-4B8E-AE67-C4B34EC9C94A}.Debug|Any CPU.Build.0 = Debug|Any CPU
		{EA0A3071-5E2A-4B8E-AE67-C4B34EC9C94A}.Release|Any CPU.ActiveCfg = Release|Any CPU
		{EA0A3071-5E2A-4B8E-AE67-C4B34EC9C94A}.Release|Any CPU.Build.0 = Release|Any CPU
		{4DD3585D-29FC-4F14-B1B7-DF8E2EA3298F}.Debug|Any CPU.ActiveCfg = Debug|Any CPU
		{4DD3585D-29FC-4F14-B1B7-DF8E2EA3298F}.Debug|Any CPU.Build.0 = Debug|Any CPU
		{4DD3585D-29FC-4F14-B1B7-DF8E2EA3298F}.Release|Any CPU.ActiveCfg = Release|Any CPU
		{4DD3585D-29FC-4F14-B1B7-DF8E2EA3298F}.Release|Any CPU.Build.0 = Release|Any CPU
	EndGlobalSection
	GlobalSection(SolutionProperties) = preSolution
		HideSolutionNode = FALSE
	EndGlobalSection
	GlobalSection(ExtensibilityGlobals) = postSolution
		SolutionGuid = {CE96D0CD-0498-4A34-B746-9324B291940C}
	EndGlobalSection
EndGlobal
