
Microsoft Visual Studio Solution File, Format Version 12.00
# Visual Studio Version 17
VisualStudioVersion = 17.9.34723.18
MinimumVisualStudioVersion = 10.0.40219.1
Project("{9A19103F-16F7-4668-BE54-9A1E7A4F7556}") = "Creational.AbstractFactory", "Creational.AbstractFactory\Creational.AbstractFactory.csproj", "{9176816F-4688-42E3-8825-C79596351921}"
EndProject
Project("{9A19103F-16F7-4668-BE54-9A1E7A4F7556}") = "Creational.Prototype", "Creational.Prototype\Creational.Prototype.csproj", "{EA0A3071-5E2A-4B8E-AE67-C4B34EC9C94A}"
EndProject
Project("{9A19103F-16F7-4668-BE54-9A1E7A4F7556}") = "Creational.Singleton", "Creational.Singleton\Creational.Singleton.csproj", "{4DD3585D-29FC-4F14-B1B7-DF8E2EA3298F}"
EndProject
Project("{9A19103F-16F7-4668-BE54-9A1E7A4F7556}") = "Creational.Builder", "Creational.Builder\Creational.Builder.csproj", "{EF5AE992-6298-4F3F-8854-44F84A956079}"
EndProject
Project("{9A19103F-16F7-4668-BE54-9A1E7A4F7556}") = "Creational.FactoryMethod", "Creational.FactoryMethod\Creational.FactoryMethod.csproj", "{56ED0B30-2612-46AE-9E35-19D1700F0B6C}"
EndProject
Project("{9A19103F-16F7-4668-BE54-9A1E7A4F7556}") = "Structural.Adapter", "Structural.Adapter\Structural.Adapter.csproj", "{D946A6F4-5EB6-4854-B7BE-F5799A4CD330}"
EndProject
Project("{9A19103F-16F7-4668-BE54-9A1E7A4F7556}") = "Structural.Proxy", "Structural.Proxy\Structural.Proxy.csproj", "{316B9669-C8D9-48A7-915A-483D52CC6C12}"
EndProject
Project("{9A19103F-16F7-4668-BE54-9A1E7A4F7556}") = "Structural.Facade", "Structural.Facade\Structural.Facade.csproj", "{32F67EC0-EBE2-4249-8E57-CCB75768B316}"
EndProject
Project("{9A19103F-16F7-4668-BE54-9A1E7A4F7556}") = "Structural.Composite", "Structural.Composite\Structural.Composite.csproj", "{CA795ADC-D372-4E63-A860-DAB34B0CC3F0}"
EndProject
Project("{9A19103F-16F7-4668-BE54-9A1E7A4F7556}") = "Structural.Bridge", "Structural.Bridge\Structural.Bridge.csproj", "{2AF2C348-60C4-4620-A9D5-FE65ED6AC601}"
EndProject
Project("{9A19103F-16F7-4668-BE54-9A1E7A4F7556}") = "Structural.Flyweight", "Structural.Flyweight\Structural.Flyweight.csproj", "{2DCBE176-F43B-4F91-8CF1-74EAABABAD54}"
EndProject
Project("{9A19103F-16F7-4668-BE54-9A1E7A4F7556}") = "Structural.Decorator", "Structural.Decorator\Structural.Decorator.csproj", "{1BEFE7F4-D9F0-4518-9967-686CECADB69F}"
EndProject
Project("{FAE04EC0-301F-11D3-BF4B-00C04F79EFBC}") = "Behavioral.ChainOfResponsibility", "Behavioral.ChainOfResponsibility\Behavioral.ChainOfResponsibility.csproj", "{FB49F4A4-F7DB-42B4-82F9-FD35BB9871FD}"
EndProject
Global
	GlobalSection(SolutionConfigurationPlatforms) = preSolution
		Debug|Any CPU = Debug|Any CPU
		Release|Any CPU = Release|Any CPU
	EndGlobalSection
	GlobalSection(ProjectConfigurationPlatforms) = postSolution
		{9176816F-4688-42E3-8825-C79596351921}.Debug|Any CPU.ActiveCfg = Debug|Any CPU
		{9176816F-4688-42E3-8825-C79596351921}.Debug|Any CPU.Build.0 = Debug|Any CPU
		{9176816F-4688-42E3-8825-C79596351921}.Release|Any CPU.ActiveCfg = Release|Any CPU
		{9176816F-4688-42E3-8825-C79596351921}.Release|Any CPU.Build.0 = Release|Any CPU
		{EA0A3071-5E2A-4B8E-AE67-C4B34EC9C94A}.Debug|Any CPU.ActiveCfg = Debug|Any CPU
		{EA0A3071-5E2A-4B8E-AE67-C4B34EC9C94A}.Debug|Any CPU.Build.0 = Debug|Any CPU
		{EA0A3071-5E2A-4B8E-AE67-C4B34EC9C94A}.Release|Any CPU.ActiveCfg = Release|Any CPU
		{EA0A3071-5E2A-4B8E-AE67-C4B34EC9C94A}.Release|Any CPU.Build.0 = Release|Any CPU
		{4DD3585D-29FC-4F14-B1B7-DF8E2EA3298F}.Debug|Any CPU.ActiveCfg = Debug|Any CPU
		{4DD3585D-29FC-4F14-B1B7-DF8E2EA3298F}.Debug|Any CPU.Build.0 = Debug|Any CPU
		{4DD3585D-29FC-4F14-B1B7-DF8E2EA3298F}.Release|Any CPU.ActiveCfg = Release|Any CPU
		{4DD3585D-29FC-4F14-B1B7-DF8E2EA3298F}.Release|Any CPU.Build.0 = Release|Any CPU
		{EF5AE992-6298-4F3F-8854-44F84A956079}.Debug|Any CPU.ActiveCfg = Debug|Any CPU
		{EF5AE992-6298-4F3F-8854-44F84A956079}.Debug|Any CPU.Build.0 = Debug|Any CPU
		{EF5AE992-6298-4F3F-8854-44F84A956079}.Release|Any CPU.ActiveCfg = Release|Any CPU
		{EF5AE992-6298-4F3F-8854-44F84A956079}.Release|Any CPU.Build.0 = Release|Any CPU
		{56ED0B30-2612-46AE-9E35-19D1700F0B6C}.Debug|Any CPU.ActiveCfg = Debug|Any CPU
		{56ED0B30-2612-46AE-9E35-19D1700F0B6C}.Debug|Any CPU.Build.0 = Debug|Any CPU
		{56ED0B30-2612-46AE-9E35-19D1700F0B6C}.Release|Any CPU.ActiveCfg = Release|Any CPU
		{56ED0B30-2612-46AE-9E35-19D1700F0B6C}.Release|Any CPU.Build.0 = Release|Any CPU
		{D946A6F4-5EB6-4854-B7BE-F5799A4CD330}.Debug|Any CPU.ActiveCfg = Debug|Any CPU
		{D946A6F4-5EB6-4854-B7BE-F5799A4CD330}.Debug|Any CPU.Build.0 = Debug|Any CPU
		{D946A6F4-5EB6-4854-B7BE-F5799A4CD330}.Release|Any CPU.ActiveCfg = Release|Any CPU
		{D946A6F4-5EB6-4854-B7BE-F5799A4CD330}.Release|Any CPU.Build.0 = Release|Any CPU
		{316B9669-C8D9-48A7-915A-483D52CC6C12}.Debug|Any CPU.ActiveCfg = Debug|Any CPU
		{316B9669-C8D9-48A7-915A-483D52CC6C12}.Debug|Any CPU.Build.0 = Debug|Any CPU
		{316B9669-C8D9-48A7-915A-483D52CC6C12}.Release|Any CPU.ActiveCfg = Release|Any CPU
		{316B9669-C8D9-48A7-915A-483D52CC6C12}.Release|Any CPU.Build.0 = Release|Any CPU
		{32F67EC0-EBE2-4249-8E57-CCB75768B316}.Debug|Any CPU.ActiveCfg = Debug|Any CPU
		{32F67EC0-EBE2-4249-8E57-CCB75768B316}.Debug|Any CPU.Build.0 = Debug|Any CPU
		{32F67EC0-EBE2-4249-8E57-CCB75768B316}.Release|Any CPU.ActiveCfg = Release|Any CPU
		{32F67EC0-EBE2-4249-8E57-CCB75768B316}.Release|Any CPU.Build.0 = Release|Any CPU
		{CA795ADC-D372-4E63-A860-DAB34B0CC3F0}.Debug|Any CPU.ActiveCfg = Debug|Any CPU
		{CA795ADC-D372-4E63-A860-DAB34B0CC3F0}.Debug|Any CPU.Build.0 = Debug|Any CPU
		{CA795ADC-D372-4E63-A860-DAB34B0CC3F0}.Release|Any CPU.ActiveCfg = Release|Any CPU
		{CA795ADC-D372-4E63-A860-DAB34B0CC3F0}.Release|Any CPU.Build.0 = Release|Any CPU
		{2AF2C348-60C4-4620-A9D5-FE65ED6AC601}.Debug|Any CPU.ActiveCfg = Debug|Any CPU
		{2AF2C348-60C4-4620-A9D5-FE65ED6AC601}.Debug|Any CPU.Build.0 = Debug|Any CPU
		{2AF2C348-60C4-4620-A9D5-FE65ED6AC601}.Release|Any CPU.ActiveCfg = Release|Any CPU
		{2AF2C348-60C4-4620-A9D5-FE65ED6AC601}.Release|Any CPU.Build.0 = Release|Any CPU
		{2DCBE176-F43B-4F91-8CF1-74EAABABAD54}.Debug|Any CPU.ActiveCfg = Debug|Any CPU
		{2DCBE176-F43B-4F91-8CF1-74EAABABAD54}.Debug|Any CPU.Build.0 = Debug|Any CPU
		{2DCBE176-F43B-4F91-8CF1-74EAABABAD54}.Release|Any CPU.ActiveCfg = Release|Any CPU
		{2DCBE176-F43B-4F91-8CF1-74EAABABAD54}.Release|Any CPU.Build.0 = Release|Any CPU
		{1BEFE7F4-D9F0-4518-9967-686CECADB69F}.Debug|Any CPU.ActiveCfg = Debug|Any CPU
		{1BEFE7F4-D9F0-4518-9967-686CECADB69F}.Debug|Any CPU.Build.0 = Debug|Any CPU
		{1BEFE7F4-D9F0-4518-9967-686CECADB69F}.Release|Any CPU.ActiveCfg = Release|Any CPU
		{1BEFE7F4-D9F0-4518-9967-686CECADB69F}.Release|Any CPU.Build.0 = Release|Any CPU
		{FB49F4A4-F7DB-42B4-82F9-FD35BB9871FD}.Debug|Any CPU.ActiveCfg = Debug|Any CPU
		{FB49F4A4-F7DB-42B4-82F9-FD35BB9871FD}.Debug|Any CPU.Build.0 = Debug|Any CPU
		{FB49F4A4-F7DB-42B4-82F9-FD35BB9871FD}.Release|Any CPU.ActiveCfg = Release|Any CPU
		{FB49F4A4-F7DB-42B4-82F9-FD35BB9871FD}.Release|Any CPU.Build.0 = Release|Any CPU
	EndGlobalSection
	GlobalSection(SolutionProperties) = preSolution
		HideSolutionNode = FALSE
	EndGlobalSection
	GlobalSection(ExtensibilityGlobals) = postSolution
		SolutionGuid = {CE96D0CD-0498-4A34-B746-9324B291940C}
	EndGlobalSection
EndGlobal
